
Microsoft Visual Studio Solution File, Format Version 12.00
# Visual Studio Version 17
VisualStudioVersion = 17.0.31919.166
MinimumVisualStudioVersion = 10.0.40219.1
Project("{FAE04EC0-301F-11D3-BF4B-00C04F79EFBC}") = "SimpleMVC", "SimpleMVC\SimpleMVC.csproj", "{42D94D66-03CA-4906-8705-575F654EA9EC}"
EndProject
Global
	GlobalSection(SolutionConfigurationPlatforms) = preSolution
		Debug|Any CPU = Debug|Any CPU
		Release|Any CPU = Release|Any CPU
	EndGlobalSection
	GlobalSection(ProjectConfigurationPlatforms) = postSolution
		{42D94D66-03CA-4906-8705-575F654EA9EC}.Debug|Any CPU.ActiveCfg = Debug|Any CPU
		{42D94D66-03CA-4906-8705-575F654EA9EC}.Debug|Any CPU.Build.0 = Debug|Any CPU
		{42D94D66-03CA-4906-8705-575F654EA9EC}.Release|Any CPU.ActiveCfg = Release|Any CPU
		{42D94D66-03CA-4906-8705-575F654EA9EC}.Release|Any CPU.Build.0 = Release|Any CPU
	EndGlobalSection
	GlobalSection(SolutionProperties) = preSolution
		HideSolutionNode = FALSE
	EndGlobalSection
	GlobalSection(ExtensibilityGlobals) = postSolution
		SolutionGuid = {98A81F25-C204-4F5F-BE13-79FBB1B02698}
	EndGlobalSection
EndGlobal
